
Microsoft Visual Studio Solution File, Format Version 10.00
# Visual Studio 2008
Project("{FAE04EC0-301F-11D3-BF4B-00C04F79EFBC}") = "toraget", "toraget\toraget.csproj", "{5686C00C-D019-4FA2-B15E-C97922889855}"
EndProject
Global
	GlobalSection(SolutionConfigurationPlatforms) = preSolution
		Debug|x86 = Debug|x86
		Release|x86 = Release|x86
	EndGlobalSection
	GlobalSection(ProjectConfigurationPlatforms) = postSolution
		{5686C00C-D019-4FA2-B15E-C97922889855}.Debug|x86.ActiveCfg = Debug|x86
		{5686C00C-D019-4FA2-B15E-C97922889855}.Debug|x86.Build.0 = Debug|x86
		{5686C00C-D019-4FA2-B15E-C97922889855}.Release|x86.ActiveCfg = Release|x86
		{5686C00C-D019-4FA2-B15E-C97922889855}.Release|x86.Build.0 = Release|x86
	EndGlobalSection
	GlobalSection(SolutionProperties) = preSolution
		HideSolutionNode = FALSE
	EndGlobalSection
EndGlobal
